
Microsoft Visual Studio Solution File, Format Version 12.00
# Visual Studio Version 16
VisualStudioVersion = 25.0.1705.6
MinimumVisualStudioVersion = 10.0.40219.1
Project("{FAE04EC0-301F-11D3-BF4B-00C04F79EFBC}") = "weather", "weather.csproj", "{65F3578F-533B-4D93-AE92-A61D74D4937D}"
EndProject
Global
	GlobalSection(SolutionConfigurationPlatforms) = preSolution
		Debug|Any CPU = Debug|Any CPU
		Release|Any CPU = Release|Any CPU
	EndGlobalSection
	GlobalSection(ProjectConfigurationPlatforms) = postSolution
		{65F3578F-533B-4D93-AE92-A61D74D4937D}.Debug|Any CPU.ActiveCfg = Debug|Any CPU
		{65F3578F-533B-4D93-AE92-A61D74D4937D}.Debug|Any CPU.Build.0 = Debug|Any CPU
		{65F3578F-533B-4D93-AE92-A61D74D4937D}.Release|Any CPU.ActiveCfg = Release|Any CPU
		{65F3578F-533B-4D93-AE92-A61D74D4937D}.Release|Any CPU.Build.0 = Release|Any CPU
	EndGlobalSection
	GlobalSection(SolutionProperties) = preSolution
		HideSolutionNode = FALSE
	EndGlobalSection
	GlobalSection(ExtensibilityGlobals) = postSolution
		SolutionGuid = {ECFCE78C-EBAD-4235-B80B-75EF73030597}
	EndGlobalSection
EndGlobal
